
Microsoft Visual Studio Solution File, Format Version 12.00
# Visual Studio Version 17
VisualStudioVersion = 17.4.33205.214
MinimumVisualStudioVersion = 10.0.40219.1
Project("{FAE04EC0-301F-11D3-BF4B-00C04F79EFBC}") = "SilvershotCore", "SilvershotCore.csproj", "{3BF5364E-2331-4807-B4D8-335139B4F49A}"
EndProject
Global
	GlobalSection(SolutionConfigurationPlatforms) = preSolution
		Debug|Any CPU = Debug|Any CPU
		Release|Any CPU = Release|Any CPU
	EndGlobalSection
	GlobalSection(ProjectConfigurationPlatforms) = postSolution
		{3BF5364E-2331-4807-B4D8-335139B4F49A}.Debug|Any CPU.ActiveCfg = Debug|Any CPU
		{3BF5364E-2331-4807-B4D8-335139B4F49A}.Debug|Any CPU.Build.0 = Debug|Any CPU
		{3BF5364E-2331-4807-B4D8-335139B4F49A}.Release|Any CPU.ActiveCfg = Release|Any CPU
		{3BF5364E-2331-4807-B4D8-335139B4F49A}.Release|Any CPU.Build.0 = Release|Any CPU
	EndGlobalSection
	GlobalSection(SolutionProperties) = preSolution
		HideSolutionNode = FALSE
	EndGlobalSection
	GlobalSection(ExtensibilityGlobals) = postSolution
		SolutionGuid = {5B23B7C3-0237-4230-B796-B3B2F0BA046A}
	EndGlobalSection
EndGlobal
